
Microsoft Visual Studio Solution File, Format Version 12.00
# Visual Studio 2015
Project("{FAE04EC0-301F-11D3-BF4B-00C04F79EFBC}") = "Projekt_Sesja.CSharp", "Projekt_Sesja.CSharp.csproj", "{A6A8B23C-DCC7-DB01-29CB-9043418B9B41}"
EndProject
Global
	GlobalSection(SolutionConfigurationPlatforms) = preSolution
		Debug|Any CPU = Debug|Any CPU
		Release|Any CPU = Release|Any CPU
	EndGlobalSection
	GlobalSection(ProjectConfigurationPlatforms) = postSolution
		{A6A8B23C-DCC7-DB01-29CB-9043418B9B41}.Debug|Any CPU.ActiveCfg = Debug|Any CPU
		{A6A8B23C-DCC7-DB01-29CB-9043418B9B41}.Debug|Any CPU.Build.0 = Debug|Any CPU
		{A6A8B23C-DCC7-DB01-29CB-9043418B9B41}.Release|Any CPU.ActiveCfg = Release|Any CPU
		{A6A8B23C-DCC7-DB01-29CB-9043418B9B41}.Release|Any CPU.Build.0 = Release|Any CPU
	EndGlobalSection
	GlobalSection(SolutionProperties) = preSolution
		HideSolutionNode = FALSE
	EndGlobalSection
EndGlobal
