Microsoft Visual Studio Solution File, Format Version 11.00
# Visual Studio 2008

Project("{9D130E6B-7B2E-253F-F4A5-EEB4E3EAF420}") = "Sesja Project", "Assembly-CSharp.csproj", "{46A388F8-1B90-E101-27E6-C187BE8A9ADB}"
EndProject
Global
	GlobalSection(SolutionConfigurationPlatforms) = preSolution
		Debug|Any CPU = Debug|Any CPU
		Release|Any CPU = Release|Any CPU
	EndGlobalSection
	GlobalSection(ProjectConfigurationPlatforms) = postSolution
		{46A388F8-1B90-E101-27E6-C187BE8A9ADB}.Debug|Any CPU.ActiveCfg = Debug|Any CPU
		{46A388F8-1B90-E101-27E6-C187BE8A9ADB}.Debug|Any CPU.Build.0 = Debug|Any CPU
		{46A388F8-1B90-E101-27E6-C187BE8A9ADB}.Release|Any CPU.ActiveCfg = Release|Any CPU
		{46A388F8-1B90-E101-27E6-C187BE8A9ADB}.Release|Any CPU.Build.0 = Release|Any CPU
	EndGlobalSection
	GlobalSection(SolutionProperties) = preSolution
		HideSolutionNode = FALSE
	EndGlobalSection
																											GlobalSection(MonoDevelopProperties) = preSolution
		StartupItem = Assembly-CSharp.csproj
	EndGlobalSection

EndGlobal
